{
  "name": "js",
  "version": "1.0.0",
  "lockfileVersion": 3,
  "requires": true,
  "packages": {
    "": {
      "name": "js",
      "version": "1.0.0",
      "license": "ISC",
      "dependencies": {
        "ib-tws-api": "^1.3.0"
      }
    },
    "node_modules/ib-tws-api": {
      "version": "1.3.0",
      "resolved": "https://registry.npmjs.org/ib-tws-api/-/ib-tws-api-1.3.0.tgz",
      "integrity": "sha512-IMoGaCNYVmiiSFN2jajsY7CN5xwx+DupdRiUf0B8uaRT3gh+IBGFVddrEMEO7N04SQOwv1prGGoBwzZZN9W3eg=="
    }
  }
}
